
Microsoft Visual Studio Solution File, Format Version 12.00
# Visual Studio 2017
Project("{FAE04EC0-301F-11D3-BF4B-00C04F79EFBC}") = "Clinic1Test.Plugins", "Clinic1Test.Plugins.csproj", "{005180D7-8955-2687-0683-C77DEC651619}"
EndProject
Project("{FAE04EC0-301F-11D3-BF4B-00C04F79EFBC}") = "Clinic1Test.Editor.Plugins", "Clinic1Test.Editor.Plugins.csproj", "{CAA39FB7-3B6F-1914-A502-2F846BAFDA26}"
EndProject
Global
	GlobalSection(SolutionConfigurationPlatforms) = preSolution
		Debug|Any CPU = Debug|Any CPU
		Release|Any CPU = Release|Any CPU
	EndGlobalSection
	GlobalSection(ProjectConfigurationPlatforms) = postSolution
		{005180D7-8955-2687-0683-C77DEC651619}.Debug|Any CPU.ActiveCfg = Debug|Any CPU
		{005180D7-8955-2687-0683-C77DEC651619}.Debug|Any CPU.Build.0 = Debug|Any CPU
		{005180D7-8955-2687-0683-C77DEC651619}.Release|Any CPU.ActiveCfg = Release|Any CPU
		{005180D7-8955-2687-0683-C77DEC651619}.Release|Any CPU.Build.0 = Release|Any CPU
		{CAA39FB7-3B6F-1914-A502-2F846BAFDA26}.Debug|Any CPU.ActiveCfg = Debug|Any CPU
		{CAA39FB7-3B6F-1914-A502-2F846BAFDA26}.Debug|Any CPU.Build.0 = Debug|Any CPU
		{CAA39FB7-3B6F-1914-A502-2F846BAFDA26}.Release|Any CPU.ActiveCfg = Release|Any CPU
		{CAA39FB7-3B6F-1914-A502-2F846BAFDA26}.Release|Any CPU.Build.0 = Release|Any CPU
	EndGlobalSection
	GlobalSection(SolutionProperties) = preSolution
		HideSolutionNode = FALSE
	EndGlobalSection
EndGlobal
