
Microsoft Visual Studio Solution File, Format Version 11.00
# Visual Studio 2010
Project("{FAE04EC0-301F-11D3-BF4B-00C04F79EFBC}") = "Clinic1Test", "Assembly-CSharp.csproj", "{7D6C37CC-982D-79FB-96E7-3D2742EB3780}"
EndProject
Project("{FAE04EC0-301F-11D3-BF4B-00C04F79EFBC}") = "Clinic1Test", "Assembly-CSharp-firstpass.csproj", "{A87C9B54-4C44-DE25-6217-B6D72CDE0FBE}"
EndProject
Project("{FAE04EC0-301F-11D3-BF4B-00C04F79EFBC}") = "Clinic1Test", "Assembly-CSharp-Editor-firstpass.csproj", "{09D65A62-2D62-E2DB-E9C9-8B2748D0E309}"
EndProject
Global
	GlobalSection(SolutionConfigurationPlatforms) = preSolution
		Debug|Any CPU = Debug|Any CPU
		Release|Any CPU = Release|Any CPU
	EndGlobalSection
	GlobalSection(ProjectConfigurationPlatforms) = postSolution
		{7D6C37CC-982D-79FB-96E7-3D2742EB3780}.Debug|Any CPU.ActiveCfg = Debug|Any CPU
		{7D6C37CC-982D-79FB-96E7-3D2742EB3780}.Debug|Any CPU.Build.0 = Debug|Any CPU
		{7D6C37CC-982D-79FB-96E7-3D2742EB3780}.Release|Any CPU.ActiveCfg = Release|Any CPU
		{7D6C37CC-982D-79FB-96E7-3D2742EB3780}.Release|Any CPU.Build.0 = Release|Any CPU
		{A87C9B54-4C44-DE25-6217-B6D72CDE0FBE}.Debug|Any CPU.ActiveCfg = Debug|Any CPU
		{A87C9B54-4C44-DE25-6217-B6D72CDE0FBE}.Debug|Any CPU.Build.0 = Debug|Any CPU
		{A87C9B54-4C44-DE25-6217-B6D72CDE0FBE}.Release|Any CPU.ActiveCfg = Release|Any CPU
		{A87C9B54-4C44-DE25-6217-B6D72CDE0FBE}.Release|Any CPU.Build.0 = Release|Any CPU
		{09D65A62-2D62-E2DB-E9C9-8B2748D0E309}.Debug|Any CPU.ActiveCfg = Debug|Any CPU
		{09D65A62-2D62-E2DB-E9C9-8B2748D0E309}.Debug|Any CPU.Build.0 = Debug|Any CPU
		{09D65A62-2D62-E2DB-E9C9-8B2748D0E309}.Release|Any CPU.ActiveCfg = Release|Any CPU
		{09D65A62-2D62-E2DB-E9C9-8B2748D0E309}.Release|Any CPU.Build.0 = Release|Any CPU
	EndGlobalSection
	GlobalSection(SolutionProperties) = preSolution
		HideSolutionNode = FALSE
	EndGlobalSection
	GlobalSection(MonoDevelopProperties) = preSolution
		StartupItem = Assembly-CSharp.csproj
	EndGlobalSection
EndGlobal
